
Microsoft Visual Studio Solution File, Format Version 12.00
# Visual Studio 15
VisualStudioVersion = 15.0.28307.902
MinimumVisualStudioVersion = 10.0.40219.1
Project("{FAE04EC0-301F-11D3-BF4B-00C04F79EFBC}") = "Supermarket.API", "Supermarket.API\Supermarket.API.csproj", "{B9C667B5-7876-4FC3-8C71-0D760275D9EE}"
EndProject
Global
	GlobalSection(SolutionConfigurationPlatforms) = preSolution
		Debug|Any CPU = Debug|Any CPU
		Release|Any CPU = Release|Any CPU
	EndGlobalSection
	GlobalSection(ProjectConfigurationPlatforms) = postSolution
		{B9C667B5-7876-4FC3-8C71-0D760275D9EE}.Debug|Any CPU.ActiveCfg = Debug|Any CPU
		{B9C667B5-7876-4FC3-8C71-0D760275D9EE}.Debug|Any CPU.Build.0 = Debug|Any CPU
		{B9C667B5-7876-4FC3-8C71-0D760275D9EE}.Release|Any CPU.ActiveCfg = Release|Any CPU
		{B9C667B5-7876-4FC3-8C71-0D760275D9EE}.Release|Any CPU.Build.0 = Release|Any CPU
	EndGlobalSection
	GlobalSection(SolutionProperties) = preSolution
		HideSolutionNode = FALSE
	EndGlobalSection
	GlobalSection(ExtensibilityGlobals) = postSolution
		SolutionGuid = {6C49BA8F-6E81-4101-90DF-775D964E3D06}
	EndGlobalSection
EndGlobal
